
Microsoft Visual Studio Solution File, Format Version 12.00
# Visual Studio 2013
VisualStudioVersion = 12.0.21005.1
MinimumVisualStudioVersion = 10.0.40219.1
Project("{FAE04EC0-301F-11D3-BF4B-00C04F79EFBC}") = "PHARMA-Z", "PHARMA-Z\PHARMA-Z.csproj", "{E105B8F1-8E3D-46C4-B24E-33C95D369D56}"
EndProject
Project("{FAE04EC0-301F-11D3-BF4B-00C04F79EFBC}") = "PHARMA-Z.Model", "PHARMA-Z_Model\PHARMA-Z.Model.csproj", "{0996403F-876C-45DC-A86D-A4964A794FAD}"
EndProject
Project("{FAE04EC0-301F-11D3-BF4B-00C04F79EFBC}") = "PHARMA-Z.DAL", "PHARMA-Z_DAL\PHARMA-Z.DAL.csproj", "{A37B2ED6-5DCF-4AA2-9F13-FB1E728F8BAB}"
EndProject
Global
	GlobalSection(SolutionConfigurationPlatforms) = preSolution
		Debug|Any CPU = Debug|Any CPU
		Release|Any CPU = Release|Any CPU
	EndGlobalSection
	GlobalSection(ProjectConfigurationPlatforms) = postSolution
		{E105B8F1-8E3D-46C4-B24E-33C95D369D56}.Debug|Any CPU.ActiveCfg = Debug|Any CPU
		{E105B8F1-8E3D-46C4-B24E-33C95D369D56}.Debug|Any CPU.Build.0 = Debug|Any CPU
		{E105B8F1-8E3D-46C4-B24E-33C95D369D56}.Release|Any CPU.ActiveCfg = Release|Any CPU
		{E105B8F1-8E3D-46C4-B24E-33C95D369D56}.Release|Any CPU.Build.0 = Release|Any CPU
		{0996403F-876C-45DC-A86D-A4964A794FAD}.Debug|Any CPU.ActiveCfg = Debug|Any CPU
		{0996403F-876C-45DC-A86D-A4964A794FAD}.Debug|Any CPU.Build.0 = Debug|Any CPU
		{0996403F-876C-45DC-A86D-A4964A794FAD}.Release|Any CPU.ActiveCfg = Release|Any CPU
		{0996403F-876C-45DC-A86D-A4964A794FAD}.Release|Any CPU.Build.0 = Release|Any CPU
		{A37B2ED6-5DCF-4AA2-9F13-FB1E728F8BAB}.Debug|Any CPU.ActiveCfg = Debug|Any CPU
		{A37B2ED6-5DCF-4AA2-9F13-FB1E728F8BAB}.Debug|Any CPU.Build.0 = Debug|Any CPU
		{A37B2ED6-5DCF-4AA2-9F13-FB1E728F8BAB}.Release|Any CPU.ActiveCfg = Release|Any CPU
		{A37B2ED6-5DCF-4AA2-9F13-FB1E728F8BAB}.Release|Any CPU.Build.0 = Release|Any CPU
	EndGlobalSection
	GlobalSection(SolutionProperties) = preSolution
		HideSolutionNode = FALSE
	EndGlobalSection
	GlobalSection(ExtensibilityGlobals) = postSolution
		SolutionGuid = {ACB1CC7B-2684-4F69-A2AE-4B231CF2028B}
	EndGlobalSection
	GlobalSection(Performance) = preSolution
		HasPerformanceSessions = true
	EndGlobalSection
EndGlobal
